PODS:
  - AlicloudHTTPDNS (2.2.0):
    - AlicloudUtils
  - AlicloudUTDID (1.6.0)
  - AlicloudUtils (2.0.0):
    - AlicloudUTDID

DEPENDENCIES:
  - AlicloudHTTPDNS (~> 2.2.0)

SPEC REPOS:
  https://github.com/aliyun/aliyun-specs.git:
    - AlicloudHTTPDNS
    - AlicloudUTDID
    - AlicloudUtils

SPEC CHECKSUMS:
  AlicloudHTTPDNS: cff5f1151ab2612ec3f1c3a9f9a96c515d8e7dbb
  AlicloudUTDID: 4e9d44c2fd704b3508069c38eaec9d6a759e702c
  AlicloudUtils: 2a78de434a8b2dc99e408c4d6220e654076d9ef0

PODFILE CHECKSUM: e062cbbceefa48b220b9413f213f7d639e820e90

COCOAPODS: 1.15.2
