PODS:
  - AFNetworking (4.0.1):
    - AFNetworking/NSURLSession (= 4.0.1)
    - AFNetworking/Reachability (= 4.0.1)
    - AFNetworking/Security (= 4.0.1)
    - AFNetworking/Serialization (= 4.0.1)
    - AFNetworking/UIKit (= 4.0.1)
  - AFNetworking/NSURLSession (4.0.1):
    - AFNetworking/Reachability
    - AFNetworking/Security
    - AFNetworking/Serialization
  - AFNetworking/Reachability (4.0.1)
  - AFNetworking/Security (4.0.1)
  - AFNetworking/Serialization (4.0.1)
  - AFNetworking/UIKit (4.0.1):
    - AFNetworking/NSURLSession
  - Alamofire (5.10.2)
  - AlicloudHTTPDNS (3.2.1)
  - SDWebImage (5.21.1):
    - SDWebImage/Core (= 5.21.1)
  - SDWebImage/Core (5.21.1)

DEPENDENCIES:
  - AFNetworking
  - Alamofire
  - AlicloudHTTPDNS
  - SDWebImage

SPEC REPOS:
  https://github.com/aliyun/aliyun-specs.git:
    - AlicloudHTTPDNS
  https://github.com/CocoaPods/Specs.git:
    - AFNetworking
    - Alamofire
    - SDWebImage

SPEC CHECKSUMS:
  AFNetworking: 3bd23d814e976cd148d7d44c3ab78017b744cd58
  Alamofire: 7193b3b92c74a07f85569e1a6c4f4237291e7496
  AlicloudHTTPDNS: 7c3ea698dad0070cf3ea7d1e6cc1a3650f5de437
  SDWebImage: f29024626962457f3470184232766516dee8dfea

PODFILE CHECKSUM: 8b08f99d643c477bb9c342f3faa6df1f8ef7bb6c

COCOAPODS: 1.16.2
