PODS:
  - AFNetworking (4.0.1):
    - AFNetworking/NSURLSession (= 4.0.1)
    - AFNetworking/Reachability (= 4.0.1)
    - AFNetworking/Security (= 4.0.1)
    - AFNetworking/Serialization (= 4.0.1)
    - AFNetworking/UIKit (= 4.0.1)
  - AFNetworking/NSURLSession (4.0.1):
    - AFNetworking/Reachability
    - AFNetworking/Security
    - AFNetworking/Serialization
  - AFNetworking/Reachability (4.0.1)
  - AFNetworking/Security (4.0.1)
  - AFNetworking/Serialization (4.0.1)
  - AFNetworking/UIKit (4.0.1):
    - AFNetworking/NSURLSession
  - Alamofire (5.10.2)
  - AlicloudHTTPDNS (3.2.0)
  - SDWebImage (5.21.0):
    - SDWebImage/Core (= 5.21.0)
  - SDWebImage/Core (5.21.0)

DEPENDENCIES:
  - AFNetworking
  - Alamofire
  - AlicloudHTTPDNS
  - SDWebImage

SPEC REPOS:
  https://github.com/aliyun/aliyun-specs.git:
    - AlicloudHTTPDNS
  https://github.com/CocoaPods/Specs.git:
    - AFNetworking
    - Alamofire
    - SDWebImage

SPEC CHECKSUMS:
  AFNetworking: 3bd23d814e976cd148d7d44c3ab78017b744cd58
  Alamofire: 7193b3b92c74a07f85569e1a6c4f4237291e7496
  AlicloudHTTPDNS: 7460344fc29d7e6561fcc20f94601f73b859d5e0
  SDWebImage: f84b0feeb08d2d11e6a9b843cb06d75ebf5b8868

PODFILE CHECKSUM: 77fe26b6ff2febea324fab1af50e6c71071d638a

COCOAPODS: 1.16.2
