PODS:
  - AlicloudTLog (1.1.1):
    - AliHACore (~> 11.0.0)
    - TRemoteDebugger (~> 11.0.0)
  - AlicloudUTDID (1.6.1)
  - AliHACore (11.0.2):
    - AlicloudUTDID
  - AliyunOSSiOS (2.11.1)
  - SSZipArchive (2.4.3)
  - TRemoteDebugger (11.0.0):
    - AliHACore (~> 11.0.0)
    - AliyunOSSiOS
    - SSZipArchive

DEPENDENCIES:
  - AlicloudTLog (~> 1.1.1)

SPEC REPOS:
  https://github.com/aliyun/aliyun-specs.git:
    - AlicloudTLog
    - AlicloudUTDID
    - AliHACore
    - TRemoteDebugger
  https://github.com/CocoaPods/Specs.git:
    - AliyunOSSiOS
    - SSZipArchive

SPEC CHECKSUMS:
  AlicloudTLog: f97823c6c21611d96b1e1366d45f7f9232ee7f73
  AlicloudUTDID: 5d2f22d50e11eecd38f30bc7a48c71925ea90976
  AliHACore: ece52be85fa1fd2740c5e47f7556b60636c59f5c
  AliyunOSSiOS: 51e8aa24dda25918e3b5b80d72105a57485b6bf7
  SSZipArchive: fe6a26b2a54d5a0890f2567b5cc6de5caa600aef
  TRemoteDebugger: 0e2a4a3a1532b9236121c70b77f10f9e1a33d202

PODFILE CHECKSUM: 643f4c0869c5e42e0075c484c89dc3a0fbb5cb8a

COCOAPODS: 1.15.2
