PODS:
  - AlicloudMAN (1.0.11):
    - AlicloudUtils
  - AlicloudUT (5.2.0.4):
    - AlicloudUTDID
  - AlicloudUTDID (1.1.0.16)
  - AlicloudUtils (1.3.1):
    - AlicloudUT
    - AlicloudUTDID

DEPENDENCIES:
  - AlicloudMAN

SPEC CHECKSUMS:
  AlicloudMAN: d0edc2fcc5de170c7e15ad187c3086e33c010f3f
  AlicloudUT: 65b42ceb78d67d556388a3ca5f875034f505f9d6
  AlicloudUTDID: f5a7bc1420c5f83e3bd40296e5ab2e5a804a12f8
  AlicloudUtils: 4f7e5d5214ed1b831e677fb739f1ec691aa53ff5

PODFILE CHECKSUM: 46b11ea606e8b931bca9af1b0b082d4d70f0b05c

COCOAPODS: 1.2.0
