PODS:
  - AlicloudMAN (1.0.13):
    - AlicloudUT
    - AlicloudUtils
  - AlicloudUT (5.2.0.16):
    - AlicloudUTDID
  - AlicloudUTDID (1.5.0.94)
  - AlicloudUtils (1.4.1):
    - AlicloudUTDID

DEPENDENCIES:
  - AlicloudMAN (= 1.0.13)

SPEC REPOS:
  https://github.com/aliyun/aliyun-specs.git:
    - AlicloudMAN
    - AlicloudUT
    - AlicloudUTDID
    - AlicloudUtils

SPEC CHECKSUMS:
  AlicloudMAN: b3e4eaaceab24e331377c6b78d29f4a477e55cde
  AlicloudUT: 6d1cf30d57d096b7e9bb4b069dd0ba6ad59a3338
  AlicloudUTDID: 7323c443dcdf9a73e2224dc6ce51703671d7a765
  AlicloudUtils: 873a76615bebcee8b1996f20820d366e433c3eab

PODFILE CHECKSUM: fd03af15c35b39d57cb7f905a83f44bd4d4e9e8d

COCOAPODS: 1.11.3
