PODS:
  - AlicloudCloudCode (0.0.1):
    - AlicloudUTDID
  - AlicloudUTDID (1.5.0.94)

DEPENDENCIES:
  - AlicloudCloudCode

SPEC REPOS:
  https://github.com/aliyun/aliyun-specs.git:
    - AlicloudCloudCode
    - AlicloudUTDID

SPEC CHECKSUMS:
  AlicloudCloudCode: 80f86f44a7cd87a0a79a767bd1964ae5763412da
  AlicloudUTDID: 7323c443dcdf9a73e2224dc6ce51703671d7a765

PODFILE CHECKSUM: 6ed6a901ff3615555c2f6a598170a8f6df2719e7

COCOAPODS: 1.9.1
