// !$*UTF8*$!
{
	archiveVersion = 1;
	classes = {
	};
	objectVersion = 46;
	objects = {

/* Begin PBXBuildFile section */
		9A5BF7D71EC1A257001588B2 /* AlicloudUtils.framework in Frameworks */ = {isa = PBXBuildFile; fileRef = 9A5BF7D61EC1A257001588B2 /* AlicloudUtils.framework */; };
		9A5BF7DB1EC1AED8001588B2 /* libresolv.tbd in Frameworks */ = {isa = PBXBuildFile; fileRef = 9A5BF7DA1EC1AED8001588B2 /* libresolv.tbd */; };
		9A88BA631F680C8A006B833E /* feedback_product_logo.png in Resources */ = {isa = PBXBuildFile; fileRef = 9A88BA611F680C8A006B833E /* feedback_product_logo.png */; };
		9A88BA641F680C8A006B833E /* where_is_appkey_secrectkey.png in Resources */ = {isa = PBXBuildFile; fileRef = 9A88BA621F680C8A006B833E /* where_is_appkey_secrectkey.png */; };
		9A88BA661F68BBFD006B833E /* aliyun_bg.png in Resources */ = {isa = PBXBuildFile; fileRef = 9A88BA651F68BBFD006B833E /* aliyun_bg.png */; };
		9A88BA6A1F68C1ED006B833E /* MainStoryboard.storyboard in Resources */ = {isa = PBXBuildFile; fileRef = 9A88BA691F68C1ED006B833E /* MainStoryboard.storyboard */; };
		9AF9A61B1EC5A5F70018063B /* YWFeedbackFMWK.framework in Frameworks */ = {isa = PBXBuildFile; fileRef = 9AF9A61A1EC5A5F70018063B /* YWFeedbackFMWK.framework */; };
		B3316C8E1C60884300186840 /* CoreTelephony.framework in Frameworks */ = {isa = PBXBuildFile; fileRef = B3316C8D1C60884300186840 /* CoreTelephony.framework */; };
		B3316C901C60884A00186840 /* SystemConfiguration.framework in Frameworks */ = {isa = PBXBuildFile; fileRef = B3316C8F1C60884A00186840 /* SystemConfiguration.framework */; };
		B33283161C27F820006DB60A /* main.m in Sources */ = {isa = PBXBuildFile; fileRef = B33283151C27F820006DB60A /* main.m */; };
		B33283191C27F820006DB60A /* AppDelegate.m in Sources */ = {isa = PBXBuildFile; fileRef = B33283181C27F820006DB60A /* AppDelegate.m */; };
		B33283211C27F820006DB60A /* Assets.xcassets in Resources */ = {isa = PBXBuildFile; fileRef = B33283201C27F820006DB60A /* Assets.xcassets */; };
		B33283241C27F820006DB60A /* LaunchScreen.storyboard in Resources */ = {isa = PBXBuildFile; fileRef = B33283221C27F820006DB60A /* LaunchScreen.storyboard */; };
		B34E8FC01C5B32A300BBA227 /* libz.tbd in Frameworks */ = {isa = PBXBuildFile; fileRef = B34E8FBF1C5B32A300BBA227 /* libz.tbd */; };
		FE101F061D702D0700853066 /* YWFeedbackBundle.bundle in Resources */ = {isa = PBXBuildFile; fileRef = FE101F051D702D0700853066 /* YWFeedbackBundle.bundle */; };
		FE2BAC671DAE241800D0BECA /* UTMini.framework in Frameworks */ = {isa = PBXBuildFile; fileRef = FE2BAC661DAE241800D0BECA /* UTMini.framework */; };
		FE587B701D9BA92C00E21438 /* UTDID.framework in Frameworks */ = {isa = PBXBuildFile; fileRef = FE587B6F1D9BA92C00E21438 /* UTDID.framework */; };
		FE7BA7271D93E334004CA3F2 /* libsqlite3.tbd in Frameworks */ = {isa = PBXBuildFile; fileRef = FE7BA7261D93E334004CA3F2 /* libsqlite3.tbd */; };
		FE94F55E1DB86B5300C5044C /* YWLoginController.m in Sources */ = {isa = PBXBuildFile; fileRef = FE94F55C1DB86B5300C5044C /* YWLoginController.m */; };
		FE94F5711DB86B9400C5044C /* AVQRViewController.m in Sources */ = {isa = PBXBuildFile; fileRef = FE94F5621DB86B9400C5044C /* AVQRViewController.m */; };
		FE94F5781DB86B9400C5044C /* TWMessageBarManager.m in Sources */ = {isa = PBXBuildFile; fileRef = FE94F56C1DB86B9400C5044C /* TWMessageBarManager.m */; };
		FE94F5791DB86B9400C5044C /* UIAlertView+XY.m in Sources */ = {isa = PBXBuildFile; fileRef = FE94F56E1DB86B9400C5044C /* UIAlertView+XY.m */; };
		FE94F57A1DB86B9400C5044C /* UIButton+Badge.m in Sources */ = {isa = PBXBuildFile; fileRef = FE94F5701DB86B9400C5044C /* UIButton+Badge.m */; };
		FEF15E381DBDB7D2002B7239 /* BCConnectorBundle.framework in Frameworks */ = {isa = PBXBuildFile; fileRef = FEF15E361DBDB7D2002B7239 /* BCConnectorBundle.framework */; };
		FEF15E391DBDB7D2002B7239 /* BCHybridWebViewFMWK.framework in Frameworks */ = {isa = PBXBuildFile; fileRef = FEF15E371DBDB7D2002B7239 /* BCHybridWebViewFMWK.framework */; };
		FEF15E3A1DBDBB48002B7239 /* CoreMotion.framework in Frameworks */ = {isa = PBXBuildFile; fileRef = FEB4BC571D8E958300FF17AA /* CoreMotion.framework */; };
/* End PBXBuildFile section */

/* Begin PBXFileReference section */
		9A5BF7D61EC1A257001588B2 /* AlicloudUtils.framework */ = {isa = PBXFileReference; lastKnownFileType = wrapper.framework; path = AlicloudUtils.framework; sourceTree = "<group>"; };
		9A5BF7DA1EC1AED8001588B2 /* libresolv.tbd */ = {isa = PBXFileReference; lastKnownFileType = "sourcecode.text-based-dylib-definition"; name = libresolv.tbd; path = usr/lib/libresolv.tbd; sourceTree = SDKROOT; };
		9A88BA611F680C8A006B833E /* feedback_product_logo.png */ = {isa = PBXFileReference; lastKnownFileType = image.png; path = feedback_product_logo.png; sourceTree = "<group>"; };
		9A88BA621F680C8A006B833E /* where_is_appkey_secrectkey.png */ = {isa = PBXFileReference; lastKnownFileType = image.png; path = where_is_appkey_secrectkey.png; sourceTree = "<group>"; };
		9A88BA651F68BBFD006B833E /* aliyun_bg.png */ = {isa = PBXFileReference; lastKnownFileType = image.png; path = aliyun_bg.png; sourceTree = "<group>"; };
		9A88BA691F68C1ED006B833E /* MainStoryboard.storyboard */ = {isa = PBXFileReference; fileEncoding = 4; lastKnownFileType = file.storyboard; path = MainStoryboard.storyboard; sourceTree = "<group>"; };
		9AF9A61A1EC5A5F70018063B /* YWFeedbackFMWK.framework */ = {isa = PBXFileReference; lastKnownFileType = wrapper.framework; path = YWFeedbackFMWK.framework; sourceTree = "<group>"; };
		B3316C8D1C60884300186840 /* CoreTelephony.framework */ = {isa = PBXFileReference; lastKnownFileType = wrapper.framework; name = CoreTelephony.framework; path = System/Library/Frameworks/CoreTelephony.framework; sourceTree = SDKROOT; };
		B3316C8F1C60884A00186840 /* SystemConfiguration.framework */ = {isa = PBXFileReference; lastKnownFileType = wrapper.framework; name = SystemConfiguration.framework; path = System/Library/Frameworks/SystemConfiguration.framework; sourceTree = SDKROOT; };
		B33283111C27F820006DB60A /* YWFeedbackDemo.app */ = {isa = PBXFileReference; explicitFileType = wrapper.application; includeInIndex = 0; path = YWFeedbackDemo.app; sourceTree = BUILT_PRODUCTS_DIR; };
		B33283151C27F820006DB60A /* main.m */ = {isa = PBXFileReference; lastKnownFileType = sourcecode.c.objc; path = main.m; sourceTree = "<group>"; };
		B33283171C27F820006DB60A /* AppDelegate.h */ = {isa = PBXFileReference; lastKnownFileType = sourcecode.c.h; path = AppDelegate.h; sourceTree = "<group>"; };
		B33283181C27F820006DB60A /* AppDelegate.m */ = {isa = PBXFileReference; lastKnownFileType = sourcecode.c.objc; path = AppDelegate.m; sourceTree = "<group>"; };
		B33283201C27F820006DB60A /* Assets.xcassets */ = {isa = PBXFileReference; lastKnownFileType = folder.assetcatalog; path = Assets.xcassets; sourceTree = "<group>"; };
		B33283231C27F820006DB60A /* Base */ = {isa = PBXFileReference; lastKnownFileType = file.storyboard; name = Base; path = Base.lproj/LaunchScreen.storyboard; sourceTree = "<group>"; };
		B33283251C27F820006DB60A /* Info.plist */ = {isa = PBXFileReference; lastKnownFileType = text.plist.xml; path = Info.plist; sourceTree = "<group>"; };
		B34E8FBF1C5B32A300BBA227 /* libz.tbd */ = {isa = PBXFileReference; lastKnownFileType = "sourcecode.text-based-dylib-definition"; name = libz.tbd; path = usr/lib/libz.tbd; sourceTree = SDKROOT; };
		B39022C51C2A79A800229BDD /* AudioToolbox.framework */ = {isa = PBXFileReference; lastKnownFileType = wrapper.framework; name = AudioToolbox.framework; path = System/Library/Frameworks/AudioToolbox.framework; sourceTree = SDKROOT; };
		B39022C71C2A79AE00229BDD /* AVFoundation.framework */ = {isa = PBXFileReference; lastKnownFileType = wrapper.framework; name = AVFoundation.framework; path = System/Library/Frameworks/AVFoundation.framework; sourceTree = SDKROOT; };
		FE101F051D702D0700853066 /* YWFeedbackBundle.bundle */ = {isa = PBXFileReference; lastKnownFileType = "wrapper.plug-in"; path = YWFeedbackBundle.bundle; sourceTree = "<group>"; };
		FE2BAC661DAE241800D0BECA /* UTMini.framework */ = {isa = PBXFileReference; lastKnownFileType = wrapper.framework; path = UTMini.framework; sourceTree = "<group>"; };
		FE587B6F1D9BA92C00E21438 /* UTDID.framework */ = {isa = PBXFileReference; lastKnownFileType = wrapper.framework; path = UTDID.framework; sourceTree = "<group>"; };
		FE7BA7261D93E334004CA3F2 /* libsqlite3.tbd */ = {isa = PBXFileReference; lastKnownFileType = "sourcecode.text-based-dylib-definition"; name = libsqlite3.tbd; path = usr/lib/libsqlite3.tbd; sourceTree = SDKROOT; };
		FE94F55B1DB86B5300C5044C /* YWLoginController.h */ = {isa = PBXFileReference; fileEncoding = 4; lastKnownFileType = sourcecode.c.h; path = YWLoginController.h; sourceTree = "<group>"; };
		FE94F55C1DB86B5300C5044C /* YWLoginController.m */ = {isa = PBXFileReference; fileEncoding = 4; lastKnownFileType = sourcecode.c.objc; path = YWLoginController.m; sourceTree = "<group>"; };
		FE94F5611DB86B9400C5044C /* AVQRViewController.h */ = {isa = PBXFileReference; fileEncoding = 4; lastKnownFileType = sourcecode.c.h; path = AVQRViewController.h; sourceTree = "<group>"; };
		FE94F5621DB86B9400C5044C /* AVQRViewController.m */ = {isa = PBXFileReference; fileEncoding = 4; lastKnownFileType = sourcecode.c.objc; path = AVQRViewController.m; sourceTree = "<group>"; };
		FE94F56B1DB86B9400C5044C /* TWMessageBarManager.h */ = {isa = PBXFileReference; fileEncoding = 4; lastKnownFileType = sourcecode.c.h; path = TWMessageBarManager.h; sourceTree = "<group>"; };
		FE94F56C1DB86B9400C5044C /* TWMessageBarManager.m */ = {isa = PBXFileReference; fileEncoding = 4; lastKnownFileType = sourcecode.c.objc; path = TWMessageBarManager.m; sourceTree = "<group>"; };
		FE94F56D1DB86B9400C5044C /* UIAlertView+XY.h */ = {isa = PBXFileReference; fileEncoding = 4; lastKnownFileType = sourcecode.c.h; path = "UIAlertView+XY.h"; sourceTree = "<group>"; };
		FE94F56E1DB86B9400C5044C /* UIAlertView+XY.m */ = {isa = PBXFileReference; fileEncoding = 4; lastKnownFileType = sourcecode.c.objc; path = "UIAlertView+XY.m"; sourceTree = "<group>"; };
		FE94F56F1DB86B9400C5044C /* UIButton+Badge.h */ = {isa = PBXFileReference; fileEncoding = 4; lastKnownFileType = sourcecode.c.h; path = "UIButton+Badge.h"; sourceTree = "<group>"; };
		FE94F5701DB86B9400C5044C /* UIButton+Badge.m */ = {isa = PBXFileReference; fileEncoding = 4; lastKnownFileType = sourcecode.c.objc; path = "UIButton+Badge.m"; sourceTree = "<group>"; };
		FEB4BC571D8E958300FF17AA /* CoreMotion.framework */ = {isa = PBXFileReference; lastKnownFileType = wrapper.framework; name = CoreMotion.framework; path = System/Library/Frameworks/CoreMotion.framework; sourceTree = SDKROOT; };
		FEF15E361DBDB7D2002B7239 /* BCConnectorBundle.framework */ = {isa = PBXFileReference; lastKnownFileType = wrapper.framework; path = BCConnectorBundle.framework; sourceTree = "<group>"; };
		FEF15E371DBDB7D2002B7239 /* BCHybridWebViewFMWK.framework */ = {isa = PBXFileReference; lastKnownFileType = wrapper.framework; path = BCHybridWebViewFMWK.framework; sourceTree = "<group>"; };
/* End PBXFileReference section */

/* Begin PBXFrameworksBuildPhase section */
		B332830E1C27F820006DB60A /* Frameworks */ = {
			isa = PBXFrameworksBuildPhase;
			buildActionMask = 2147483647;
			files = (
				B3316C901C60884A00186840 /* SystemConfiguration.framework in Frameworks */,
				9A5BF7DB1EC1AED8001588B2 /* libresolv.tbd in Frameworks */,
				9AF9A61B1EC5A5F70018063B /* YWFeedbackFMWK.framework in Frameworks */,
				FEF15E3A1DBDBB48002B7239 /* CoreMotion.framework in Frameworks */,
				FE7BA7271D93E334004CA3F2 /* libsqlite3.tbd in Frameworks */,
				FE2BAC671DAE241800D0BECA /* UTMini.framework in Frameworks */,
				FEF15E391DBDB7D2002B7239 /* BCHybridWebViewFMWK.framework in Frameworks */,
				B3316C8E1C60884300186840 /* CoreTelephony.framework in Frameworks */,
				FE587B701D9BA92C00E21438 /* UTDID.framework in Frameworks */,
				B34E8FC01C5B32A300BBA227 /* libz.tbd in Frameworks */,
				FEF15E381DBDB7D2002B7239 /* BCConnectorBundle.framework in Frameworks */,
				9A5BF7D71EC1A257001588B2 /* AlicloudUtils.framework in Frameworks */,
			);
			runOnlyForDeploymentPostprocessing = 0;
		};
/* End PBXFrameworksBuildPhase section */

/* Begin PBXGroup section */
		600BC3C0D46050573EF2B77B /* Frameworks */ = {
			isa = PBXGroup;
			children = (
				9A5BF7DA1EC1AED8001588B2 /* libresolv.tbd */,
				FE7BA7261D93E334004CA3F2 /* libsqlite3.tbd */,
				FEB4BC571D8E958300FF17AA /* CoreMotion.framework */,
				B3316C8F1C60884A00186840 /* SystemConfiguration.framework */,
				B3316C8D1C60884300186840 /* CoreTelephony.framework */,
				B39022C71C2A79AE00229BDD /* AVFoundation.framework */,
				B39022C51C2A79A800229BDD /* AudioToolbox.framework */,
				B34E8FBF1C5B32A300BBA227 /* libz.tbd */,
			);
			name = Frameworks;
			sourceTree = "<group>";
		};
		9A88BA601F680C8A006B833E /* Image */ = {
			isa = PBXGroup;
			children = (
				9A88BA611F680C8A006B833E /* feedback_product_logo.png */,
				9A88BA621F680C8A006B833E /* where_is_appkey_secrectkey.png */,
				9A88BA651F68BBFD006B833E /* aliyun_bg.png */,
			);
			path = Image;
			sourceTree = SOURCE_ROOT;
		};
		B33283081C27F820006DB60A = {
			isa = PBXGroup;
			children = (
				B33283131C27F820006DB60A /* YWFeedbackDemo */,
				B33283121C27F820006DB60A /* Products */,
				600BC3C0D46050573EF2B77B /* Frameworks */,
			);
			sourceTree = "<group>";
		};
		B33283121C27F820006DB60A /* Products */ = {
			isa = PBXGroup;
			children = (
				B33283111C27F820006DB60A /* YWFeedbackDemo.app */,
			);
			name = Products;
			sourceTree = "<group>";
		};
		B33283131C27F820006DB60A /* YWFeedbackDemo */ = {
			isa = PBXGroup;
			children = (
				FE94F5601DB86B9400C5044C /* Util */,
				FE60EF8F1D5496AC00D67A40 /* BCFeedback */,
				B33283171C27F820006DB60A /* AppDelegate.h */,
				B33283181C27F820006DB60A /* AppDelegate.m */,
				FE94F55B1DB86B5300C5044C /* YWLoginController.h */,
				FE94F55C1DB86B5300C5044C /* YWLoginController.m */,
				9A88BA691F68C1ED006B833E /* MainStoryboard.storyboard */,
				B33283201C27F820006DB60A /* Assets.xcassets */,
				B33283221C27F820006DB60A /* LaunchScreen.storyboard */,
				B33283251C27F820006DB60A /* Info.plist */,
				B33283141C27F820006DB60A /* Supporting Files */,
			);
			path = YWFeedbackDemo;
			sourceTree = "<group>";
		};
		B33283141C27F820006DB60A /* Supporting Files */ = {
			isa = PBXGroup;
			children = (
				9A88BA601F680C8A006B833E /* Image */,
				B33283151C27F820006DB60A /* main.m */,
			);
			name = "Supporting Files";
			sourceTree = "<group>";
		};
		FE60EF8F1D5496AC00D67A40 /* BCFeedback */ = {
			isa = PBXGroup;
			children = (
				9AF9A61A1EC5A5F70018063B /* YWFeedbackFMWK.framework */,
				9A5BF7D61EC1A257001588B2 /* AlicloudUtils.framework */,
				FEF15E361DBDB7D2002B7239 /* BCConnectorBundle.framework */,
				FEF15E371DBDB7D2002B7239 /* BCHybridWebViewFMWK.framework */,
				FE2BAC661DAE241800D0BECA /* UTMini.framework */,
				FE587B6F1D9BA92C00E21438 /* UTDID.framework */,
				FE101F051D702D0700853066 /* YWFeedbackBundle.bundle */,
			);
			path = BCFeedback;
			sourceTree = "<group>";
		};
		FE94F5601DB86B9400C5044C /* Util */ = {
			isa = PBXGroup;
			children = (
				FE94F5611DB86B9400C5044C /* AVQRViewController.h */,
				FE94F5621DB86B9400C5044C /* AVQRViewController.m */,
				FE94F5631DB86B9400C5044C /* TWMessageBarManager */,
				FE94F56D1DB86B9400C5044C /* UIAlertView+XY.h */,
				FE94F56E1DB86B9400C5044C /* UIAlertView+XY.m */,
				FE94F56F1DB86B9400C5044C /* UIButton+Badge.h */,
				FE94F5701DB86B9400C5044C /* UIButton+Badge.m */,
			);
			path = Util;
			sourceTree = "<group>";
		};
		FE94F5631DB86B9400C5044C /* TWMessageBarManager */ = {
			isa = PBXGroup;
			children = (
				FE94F56B1DB86B9400C5044C /* TWMessageBarManager.h */,
				FE94F56C1DB86B9400C5044C /* TWMessageBarManager.m */,
			);
			path = TWMessageBarManager;
			sourceTree = "<group>";
		};
/* End PBXGroup section */

/* Begin PBXNativeTarget section */
		B33283101C27F820006DB60A /* YWFeedbackDemo */ = {
			isa = PBXNativeTarget;
			buildConfigurationList = B33283281C27F820006DB60A /* Build configuration list for PBXNativeTarget "YWFeedbackDemo" */;
			buildPhases = (
				B332830D1C27F820006DB60A /* Sources */,
				B332830E1C27F820006DB60A /* Frameworks */,
				B332830F1C27F820006DB60A /* Resources */,
			);
			buildRules = (
			);
			dependencies = (
			);
			name = YWFeedbackDemo;
			productName = YWFeedbackDemo;
			productReference = B33283111C27F820006DB60A /* YWFeedbackDemo.app */;
			productType = "com.apple.product-type.application";
		};
/* End PBXNativeTarget section */

/* Begin PBXProject section */
		B33283091C27F820006DB60A /* Project object */ = {
			isa = PBXProject;
			attributes = {
				LastUpgradeCheck = 0720;
				ORGANIZATIONNAME = www.akkun.com;
				TargetAttributes = {
					B33283101C27F820006DB60A = {
						CreatedOnToolsVersion = 7.2;
						DevelopmentTeam = QBMN2BBW3K;
					};
				};
			};
			buildConfigurationList = B332830C1C27F820006DB60A /* Build configuration list for PBXProject "YWFeedbackDemo" */;
			compatibilityVersion = "Xcode 3.2";
			developmentRegion = English;
			hasScannedForEncodings = 0;
			knownRegions = (
				en,
				Base,
			);
			mainGroup = B33283081C27F820006DB60A;
			productRefGroup = B33283121C27F820006DB60A /* Products */;
			projectDirPath = "";
			projectRoot = "";
			targets = (
				B33283101C27F820006DB60A /* YWFeedbackDemo */,
			);
		};
/* End PBXProject section */

/* Begin PBXResourcesBuildPhase section */
		B332830F1C27F820006DB60A /* Resources */ = {
			isa = PBXResourcesBuildPhase;
			buildActionMask = 2147483647;
			files = (
				FE101F061D702D0700853066 /* YWFeedbackBundle.bundle in Resources */,
				B33283241C27F820006DB60A /* LaunchScreen.storyboard in Resources */,
				FE94F55F1DB86B5300C5044C /* YWLoginController.xib in Resources */,
				FE94F5731DB86B9400C5044C /* icon-error@2x.png in Resources */,
				9A88BA661F68BBFD006B833E /* aliyun_bg.png in Resources */,
				FE94F5741DB86B9400C5044C /* icon-info.png in Resources */,
				FE94F5751DB86B9400C5044C /* icon-info@2x.png in Resources */,
				FE94F5761DB86B9400C5044C /* icon-success.png in Resources */,
				FE94F5771DB86B9400C5044C /* icon-success@2x.png in Resources */,
				B33283241C27F820006DB60A /* LaunchScreen.storyboard in Resources */,
				9A88BA631F680C8A006B833E /* feedback_product_logo.png in Resources */,
				9A88BA6A1F68C1ED006B833E /* MainStoryboard.storyboard in Resources */,
				9A88BA641F680C8A006B833E /* where_is_appkey_secrectkey.png in Resources */,
				FE94F5721DB86B9400C5044C /* icon-error.png in Resources */,
				B33283211C27F820006DB60A /* Assets.xcassets in Resources */,
			);
			runOnlyForDeploymentPostprocessing = 0;
		};
/* End PBXResourcesBuildPhase section */

/* Begin PBXSourcesBuildPhase section */
		B332830D1C27F820006DB60A /* Sources */ = {
			isa = PBXSourcesBuildPhase;
			buildActionMask = 2147483647;
			files = (
				FE94F5791DB86B9400C5044C /* UIAlertView+XY.m in Sources */,
				FE94F57A1DB86B9400C5044C /* UIButton+Badge.m in Sources */,
				FE94F5711DB86B9400C5044C /* AVQRViewController.m in Sources */,
				FE94F5781DB86B9400C5044C /* TWMessageBarManager.m in Sources */,
				B33283191C27F820006DB60A /* AppDelegate.m in Sources */,
				B33283161C27F820006DB60A /* main.m in Sources */,
				FE94F55E1DB86B5300C5044C /* YWLoginController.m in Sources */,
			);
			runOnlyForDeploymentPostprocessing = 0;
		};
/* End PBXSourcesBuildPhase section */

/* Begin PBXVariantGroup section */
		B33283221C27F820006DB60A /* LaunchScreen.storyboard */ = {
			isa = PBXVariantGroup;
			children = (
				B33283231C27F820006DB60A /* Base */,
			);
			name = LaunchScreen.storyboard;
			sourceTree = "<group>";
		};
/* End PBXVariantGroup section */

/* Begin XCBuildConfiguration section */
		B33283261C27F820006DB60A /* Debug */ = {
			isa = XCBuildConfiguration;
			buildSettings = {
				ALWAYS_SEARCH_USER_PATHS = NO;
				CLANG_CXX_LANGUAGE_STANDARD = "gnu++0x";
				CLANG_CXX_LIBRARY = "libc++";
				CLANG_ENABLE_MODULES = YES;
				CLANG_ENABLE_OBJC_ARC = YES;
				CLANG_WARN_BOOL_CONVERSION = YES;
				CLANG_WARN_CONSTANT_CONVERSION = YES;
				CLANG_WARN_DIRECT_OBJC_ISA_USAGE = YES_ERROR;
				CLANG_WARN_EMPTY_BODY = YES;
				CLANG_WARN_ENUM_CONVERSION = YES;
				CLANG_WARN_INT_CONVERSION = YES;
				CLANG_WARN_OBJC_ROOT_CLASS = YES_ERROR;
				CLANG_WARN_UNREACHABLE_CODE = YES;
				CLANG_WARN__DUPLICATE_METHOD_MATCH = YES;
				"CODE_SIGN_IDENTITY[sdk=iphoneos*]" = "iPhone Developer";
				COPY_PHASE_STRIP = NO;
				DEBUG_INFORMATION_FORMAT = dwarf;
				ENABLE_STRICT_OBJC_MSGSEND = YES;
				ENABLE_TESTABILITY = YES;
				FRAMEWORK_SEARCH_PATHS = "$(inherited)";
				GCC_C_LANGUAGE_STANDARD = gnu99;
				GCC_DYNAMIC_NO_PIC = NO;
				GCC_NO_COMMON_BLOCKS = YES;
				GCC_OPTIMIZATION_LEVEL = 0;
				GCC_PREPROCESSOR_DEFINITIONS = (
					"DEBUG=1",
					"$(inherited)",
				);
				GCC_WARN_64_TO_32_BIT_CONVERSION = YES;
				GCC_WARN_ABOUT_RETURN_TYPE = YES_ERROR;
				GCC_WARN_UNDECLARED_SELECTOR = YES;
				GCC_WARN_UNINITIALIZED_AUTOS = YES_AGGRESSIVE;
				GCC_WARN_UNUSED_FUNCTION = YES;
				GCC_WARN_UNUSED_VARIABLE = YES;
				HEADER_SEARCH_PATHS = "$(inherited)";
				IPHONEOS_DEPLOYMENT_TARGET = 7.0;
				MTL_ENABLE_DEBUG_INFO = YES;
				ONLY_ACTIVE_ARCH = YES;
				OTHER_LDFLAGS = (
					"$(inherited)",
					"-ObjC",
				);
				SDKROOT = iphoneos;
			};
			name = Debug;
		};
		B33283271C27F820006DB60A /* Release */ = {
			isa = XCBuildConfiguration;
			buildSettings = {
				ALWAYS_SEARCH_USER_PATHS = NO;
				CLANG_CXX_LANGUAGE_STANDARD = "gnu++0x";
				CLANG_CXX_LIBRARY = "libc++";
				CLANG_ENABLE_MODULES = YES;
				CLANG_ENABLE_OBJC_ARC = YES;
				CLANG_WARN_BOOL_CONVERSION = YES;
				CLANG_WARN_CONSTANT_CONVERSION = YES;
				CLANG_WARN_DIRECT_OBJC_ISA_USAGE = YES_ERROR;
				CLANG_WARN_EMPTY_BODY = YES;
				CLANG_WARN_ENUM_CONVERSION = YES;
				CLANG_WARN_INT_CONVERSION = YES;
				CLANG_WARN_OBJC_ROOT_CLASS = YES_ERROR;
				CLANG_WARN_UNREACHABLE_CODE = YES;
				CLANG_WARN__DUPLICATE_METHOD_MATCH = YES;
				"CODE_SIGN_IDENTITY[sdk=iphoneos*]" = "iPhone Developer";
				COPY_PHASE_STRIP = NO;
				DEBUG_INFORMATION_FORMAT = "dwarf-with-dsym";
				ENABLE_NS_ASSERTIONS = NO;
				ENABLE_STRICT_OBJC_MSGSEND = YES;
				FRAMEWORK_SEARCH_PATHS = "$(inherited)";
				GCC_C_LANGUAGE_STANDARD = gnu99;
				GCC_NO_COMMON_BLOCKS = YES;
				GCC_WARN_64_TO_32_BIT_CONVERSION = YES;
				GCC_WARN_ABOUT_RETURN_TYPE = YES_ERROR;
				GCC_WARN_UNDECLARED_SELECTOR = YES;
				GCC_WARN_UNINITIALIZED_AUTOS = YES_AGGRESSIVE;
				GCC_WARN_UNUSED_FUNCTION = YES;
				GCC_WARN_UNUSED_VARIABLE = YES;
				HEADER_SEARCH_PATHS = "$(inherited)";
				IPHONEOS_DEPLOYMENT_TARGET = 7.0;
				MTL_ENABLE_DEBUG_INFO = NO;
				OTHER_LDFLAGS = (
					"$(inherited)",
					"-ObjC",
				);
				SDKROOT = iphoneos;
				VALIDATE_PRODUCT = YES;
			};
			name = Release;
		};
		B33283291C27F820006DB60A /* Debug */ = {
			isa = XCBuildConfiguration;
			buildSettings = {
				ASSETCATALOG_COMPILER_APPICON_NAME = AppIcon;
				ASSETCATALOG_COMPILER_LAUNCHIMAGE_NAME = "Brand Assets";
				CODE_SIGN_IDENTITY = "iPhone Developer";
				"CODE_SIGN_IDENTITY[sdk=iphoneos*]" = "iPhone Developer";
				DEVELOPMENT_TEAM = QBMN2BBW3K;
				ENABLE_BITCODE = YES;
				FRAMEWORK_SEARCH_PATHS = (
					"$(inherited)",
					"$(PROJECT_DIR)/YWFeedbackDemo/BCFeedback",
				);
				GCC_PREPROCESSOR_DEFINITIONS = (
					"DEBUG=1",
					"$(inherited)",
					"DAILY=0",
				);
				HEADER_SEARCH_PATHS = (
					"$(inherited)",
					"$(PROJECT_DIR)/YWFeedbackDemo/BCFeedback/**",
				);
				INFOPLIST_FILE = YWFeedbackDemo/Info.plist;
				IPHONEOS_DEPLOYMENT_TARGET = 7.0;
				LD_RUNPATH_SEARCH_PATHS = "$(inherited) @executable_path/Frameworks";
				ONLY_ACTIVE_ARCH = NO;
				OTHER_LDFLAGS = "$(inherited)";
				PRODUCT_BUNDLE_IDENTIFIER = com.baichuan.ywfeedback;
				PRODUCT_NAME = "$(TARGET_NAME)";
				PROVISIONING_PROFILE = "";
				TARGETED_DEVICE_FAMILY = "1,2";
			};
			name = Debug;
		};
		B332832A1C27F820006DB60A /* Release */ = {
			isa = XCBuildConfiguration;
			buildSettings = {
				ASSETCATALOG_COMPILER_APPICON_NAME = AppIcon;
				ASSETCATALOG_COMPILER_LAUNCHIMAGE_NAME = "Brand Assets";
				CODE_SIGN_IDENTITY = "iPhone Developer";
				"CODE_SIGN_IDENTITY[sdk=iphoneos*]" = "iPhone Developer";
				DEVELOPMENT_TEAM = QBMN2BBW3K;
				ENABLE_BITCODE = YES;
				FRAMEWORK_SEARCH_PATHS = (
					"$(inherited)",
					"$(PROJECT_DIR)/YWFeedbackDemo/BCFeedback",
				);
				GCC_PREPROCESSOR_DEFINITIONS = "DAILY=0";
				HEADER_SEARCH_PATHS = (
					"$(inherited)",
					"$(PROJECT_DIR)/YWFeedbackDemo/BCFeedback/**",
				);
				INFOPLIST_FILE = YWFeedbackDemo/Info.plist;
				IPHONEOS_DEPLOYMENT_TARGET = 7.0;
				LD_RUNPATH_SEARCH_PATHS = "$(inherited) @executable_path/Frameworks";
				ONLY_ACTIVE_ARCH = NO;
				OTHER_LDFLAGS = "$(inherited)";
				PRODUCT_BUNDLE_IDENTIFIER = com.baichuan.ywfeedback;
				PRODUCT_NAME = "$(TARGET_NAME)";
				PROVISIONING_PROFILE = "";
				TARGETED_DEVICE_FAMILY = "1,2";
			};
			name = Release;
		};
/* End XCBuildConfiguration section */

/* Begin XCConfigurationList section */
		B332830C1C27F820006DB60A /* Build configuration list for PBXProject "YWFeedbackDemo" */ = {
			isa = XCConfigurationList;
			buildConfigurations = (
				B33283261C27F820006DB60A /* Debug */,
				B33283271C27F820006DB60A /* Release */,
			);
			defaultConfigurationIsVisible = 0;
			defaultConfigurationName = Release;
		};
		B33283281C27F820006DB60A /* Build configuration list for PBXNativeTarget "YWFeedbackDemo" */ = {
			isa = XCConfigurationList;
			buildConfigurations = (
				B33283291C27F820006DB60A /* Debug */,
				B332832A1C27F820006DB60A /* Release */,
			);
			defaultConfigurationIsVisible = 0;
			defaultConfigurationName = Release;
		};
/* End XCConfigurationList section */
	};
	rootObject = B33283091C27F820006DB60A /* Project object */;
}
