PODS:
  - AlicloudAPM (1.2.1):
    - AliCloudNetworkMonitor (~> 2.0.0)
    - AlicloudUTDID
    - AliHACore (~> 11.0.0)
    - AliHAMemoryMonitor (~> 12.0.0)
    - AliHAPerformanceMonitor (~> 11.0.0)
  - AliCloudNetworkMonitor (2.0.0):
    - AlicloudUTDID
    - AliHACore (~> 11.0.0)
    - EMASRest
  - AlicloudUTDID (1.6.1)
  - AliHACore (11.0.2):
    - AlicloudUTDID
  - AliHAMemoryMonitor (12.0.0):
    - AliHACore (~> 11.0.0)
    - FBAllocationTracker
    - FBMemoryProfiler
    - FBRetainCycleDetector
  - AliHAPerformanceMonitor (11.0.0):
    - AliHACore (~> 11.0.0)
  - EMASRest (11.2.0)
  - FBAllocationTracker (0.1.5)
  - FBMemoryProfiler (0.1.3):
    - FBAllocationTracker (~> 0.1)
    - FBRetainCycleDetector (~> 0.1)
  - FBRetainCycleDetector (0.1.4.1)

DEPENDENCIES:
  - AlicloudAPM (~> 1.2.1)

SPEC REPOS:
  https://github.com/aliyun/aliyun-specs.git:
    - AlicloudAPM
    - AliCloudNetworkMonitor
    - AlicloudUTDID
    - AliHACore
    - AliHAMemoryMonitor
    - AliHAPerformanceMonitor
    - EMASRest
    - FBRetainCycleDetector
  https://github.com/CocoaPods/Specs.git:
    - FBAllocationTracker
    - FBMemoryProfiler

SPEC CHECKSUMS:
  AlicloudAPM: 70afc67edb125aa63fdbcb7466b6f58a42a5bd74
  AliCloudNetworkMonitor: 14f008253374c076b140c81115767e7e1e2f876d
  AlicloudUTDID: 5d2f22d50e11eecd38f30bc7a48c71925ea90976
  AliHACore: ece52be85fa1fd2740c5e47f7556b60636c59f5c
  AliHAMemoryMonitor: 64a66e644f90a9b80867a72ef89e7066f909f876
  AliHAPerformanceMonitor: 86fd855f077199090fe1f93ad287faa31c6fde3c
  EMASRest: a2df608b34168f43cec23a9f9fcd81b251c5534b
  FBAllocationTracker: dfdca3f71aceca6a85e95e3c6ec76a9785eba0f1
  FBMemoryProfiler: 623fc5f8a61f7d02ec75c87e3b97c90f621d8b02
  FBRetainCycleDetector: cf5abf8e93180f48cf54d6872a6d0e5ffe0ac1a1

PODFILE CHECKSUM: 8c43b1f69adf55e5395825e91dc3e538b7f5f7e8

COCOAPODS: 1.15.2
