PODS:
  - AlicloudBeacon (1.1.0):
    - AlicloudUTDID
  - AlicloudHotFixDebug (1.0.1)
  - AlicloudLua (5.1.4.2)
  - AlicloudUTDID (1.5.0.94)
  - AlicloudUtils (1.4.1):
    - AlicloudUTDID
  - ZipArchive (1.4.0)

DEPENDENCIES:
  - AlicloudBeacon
  - AlicloudHotFixDebug
  - AlicloudLua
  - AlicloudUtils
  - ZipArchive (~> 1.4)

SPEC REPOS:
  https://github.com/aliyun/aliyun-specs.git:
    - AlicloudBeacon
    - AlicloudHotFixDebug
    - AlicloudLua
    - AlicloudUTDID
    - AlicloudUtils
  https://github.com/CocoaPods/Specs.git:
    - ZipArchive

SPEC CHECKSUMS:
  AlicloudBeacon: 6461a0df40fd6b9d63e3cdf3dcae0ac558f0937a
  AlicloudHotFixDebug: 653187c1510f20ecf7404d3ede8ca47798aad5d6
  AlicloudLua: 6b71a0672520156c423c2f55f8f2a5038a4d93a0
  AlicloudUTDID: 7323c443dcdf9a73e2224dc6ce51703671d7a765
  AlicloudUtils: 873a76615bebcee8b1996f20820d366e433c3eab
  ZipArchive: e25a4373192673e3229ac8d6e9f64a3e5713c966

PODFILE CHECKSUM: 38fd4de09c43d1d36da763d37b687c2dbdbb539c

COCOAPODS: 1.11.3
