// !$*UTF8*$!
{
	archiveVersion = 1;
	classes = {
	};
	objectVersion = 46;
	objects = {

/* Begin PBXBuildFile section */
		F7222AA61D45B9AD00EAB27A /* LZLMessagesViewController.swift in Sources */ = {isa = PBXBuildFile; fileRef = F7222AA51D45B9AD00EAB27A /* LZLMessagesViewController.swift */; };
		F7222AA81D45BA0C00EAB27A /* LZLPersonalViewController.swift in Sources */ = {isa = PBXBuildFile; fileRef = F7222AA71D45BA0C00EAB27A /* LZLPersonalViewController.swift */; };
		F7222AAB1D45BA2D00EAB27A /* LZLSettingsViewController.swift in Sources */ = {isa = PBXBuildFile; fileRef = F7222AAA1D45BA2D00EAB27A /* LZLSettingsViewController.swift */; };
		F7222AAE1D45BA7A00EAB27A /* Main.storyboard in Resources */ = {isa = PBXBuildFile; fileRef = F7222AAC1D45BA7A00EAB27A /* Main.storyboard */; };
		F7222AB01D45D95E00EAB27A /* LZLPersonalData.swift in Sources */ = {isa = PBXBuildFile; fileRef = F7222AAF1D45D95E00EAB27A /* LZLPersonalData.swift */; };
		F7222AB21D45D99800EAB27A /* LZLPushMessage.swift in Sources */ = {isa = PBXBuildFile; fileRef = F7222AB11D45D99800EAB27A /* LZLPushMessage.swift */; };
		F7222AC21D45EC8D00EAB27A /* CoreGraphics.framework in Frameworks */ = {isa = PBXBuildFile; fileRef = F7222AC11D45EC8D00EAB27A /* CoreGraphics.framework */; };
		F7222AC61D45ECC000EAB27A /* libz.tbd in Frameworks */ = {isa = PBXBuildFile; fileRef = F7222AC51D45ECC000EAB27A /* libz.tbd */; };
		F7222AC81D45ECC900EAB27A /* libsqlite3.tbd in Frameworks */ = {isa = PBXBuildFile; fileRef = F7222AC71D45ECC900EAB27A /* libsqlite3.tbd */; };
		F7222ACA1D45ECD600EAB27A /* libresolv.tbd in Frameworks */ = {isa = PBXBuildFile; fileRef = F7222AC91D45ECD600EAB27A /* libresolv.tbd */; };
		F7222ACE1D45F6D300EAB27A /* QuartzCore.framework in Frameworks */ = {isa = PBXBuildFile; fileRef = F7222AC31D45EC9F00EAB27A /* QuartzCore.framework */; };
		F7222AD21D45F6D300EAB27A /* CoreLocation.framework in Frameworks */ = {isa = PBXBuildFile; fileRef = F7222ABF1D45EC8500EAB27A /* CoreLocation.framework */; };
		F7222AD41D45F6D300EAB27A /* CoreTelephony.framework in Frameworks */ = {isa = PBXBuildFile; fileRef = F7222ABD1D45EC7E00EAB27A /* CoreTelephony.framework */; };
		F7222AD61D45F6D300EAB27A /* SystemConfiguration.framework in Frameworks */ = {isa = PBXBuildFile; fileRef = F7222ABB1D45EC6A00EAB27A /* SystemConfiguration.framework */; };
		F7222AD81D45F6D300EAB27A /* ALBBSessionSDK.framework in Frameworks */ = {isa = PBXBuildFile; fileRef = F7222AB31D45EC5700EAB27A /* ALBBSessionSDK.framework */; };
		F7222ADE1D45F6D300EAB27A /* UTDID.framework in Frameworks */ = {isa = PBXBuildFile; fileRef = F7222AB61D45EC5700EAB27A /* UTDID.framework */; };
		F7222AE61D460A5100EAB27A /* AlicloudUtils.framework in Frameworks */ = {isa = PBXBuildFile; fileRef = F7222AE51D460A5100EAB27A /* AlicloudUtils.framework */; };
		F77547791D3E2227002767A9 /* AppDelegate.swift in Sources */ = {isa = PBXBuildFile; fileRef = F77547781D3E2227002767A9 /* AppDelegate.swift */; };
		F77547821D3E2227002767A9 /* Assets.xcassets in Resources */ = {isa = PBXBuildFile; fileRef = F77547811D3E2227002767A9 /* Assets.xcassets */; };
		F77547851D3E2227002767A9 /* LaunchScreen.storyboard in Resources */ = {isa = PBXBuildFile; fileRef = F77547831D3E2227002767A9 /* LaunchScreen.storyboard */; };
		F7F153FA1D4734FA00E31730 /* MPushSDK.framework in Frameworks */ = {isa = PBXBuildFile; fileRef = F7F153F91D4734FA00E31730 /* MPushSDK.framework */; };
		F7F153FC1D4741B100E31730 /* MsgToolBox.swift in Sources */ = {isa = PBXBuildFile; fileRef = F7F153FB1D4741B100E31730 /* MsgToolBox.swift */; };
		F7F153FE1D47441500E31730 /* PushMessageDAO.swift in Sources */ = {isa = PBXBuildFile; fileRef = F7F153FD1D47441500E31730 /* PushMessageDAO.swift */; };
/* End PBXBuildFile section */

/* Begin PBXFileReference section */
		F7222AA51D45B9AD00EAB27A /* LZLMessagesViewController.swift */ = {isa = PBXFileReference; fileEncoding = 4; lastKnownFileType = sourcecode.swift; path = LZLMessagesViewController.swift; sourceTree = "<group>"; };
		F7222AA71D45BA0C00EAB27A /* LZLPersonalViewController.swift */ = {isa = PBXFileReference; fileEncoding = 4; lastKnownFileType = sourcecode.swift; path = LZLPersonalViewController.swift; sourceTree = "<group>"; };
		F7222AAA1D45BA2D00EAB27A /* LZLSettingsViewController.swift */ = {isa = PBXFileReference; fileEncoding = 4; lastKnownFileType = sourcecode.swift; path = LZLSettingsViewController.swift; sourceTree = "<group>"; };
		F7222AAD1D45BA7A00EAB27A /* Base */ = {isa = PBXFileReference; lastKnownFileType = file.storyboard; name = Base; path = Base.lproj/Main.storyboard; sourceTree = "<group>"; };
		F7222AAF1D45D95E00EAB27A /* LZLPersonalData.swift */ = {isa = PBXFileReference; fileEncoding = 4; lastKnownFileType = sourcecode.swift; path = LZLPersonalData.swift; sourceTree = "<group>"; };
		F7222AB11D45D99800EAB27A /* LZLPushMessage.swift */ = {isa = PBXFileReference; fileEncoding = 4; lastKnownFileType = sourcecode.swift; path = LZLPushMessage.swift; sourceTree = "<group>"; };
		F7222AB31D45EC5700EAB27A /* ALBBSessionSDK.framework */ = {isa = PBXFileReference; lastKnownFileType = wrapper.framework; name = ALBBSessionSDK.framework; path = libs/ALBBSessionSDK.framework; sourceTree = "<group>"; };
		F7222AB61D45EC5700EAB27A /* UTDID.framework */ = {isa = PBXFileReference; lastKnownFileType = wrapper.framework; name = UTDID.framework; path = libs/UTDID.framework; sourceTree = "<group>"; };
		F7222ABB1D45EC6A00EAB27A /* SystemConfiguration.framework */ = {isa = PBXFileReference; lastKnownFileType = wrapper.framework; name = SystemConfiguration.framework; path = System/Library/Frameworks/SystemConfiguration.framework; sourceTree = SDKROOT; };
		F7222ABD1D45EC7E00EAB27A /* CoreTelephony.framework */ = {isa = PBXFileReference; lastKnownFileType = wrapper.framework; name = CoreTelephony.framework; path = System/Library/Frameworks/CoreTelephony.framework; sourceTree = SDKROOT; };
		F7222ABF1D45EC8500EAB27A /* CoreLocation.framework */ = {isa = PBXFileReference; lastKnownFileType = wrapper.framework; name = CoreLocation.framework; path = System/Library/Frameworks/CoreLocation.framework; sourceTree = SDKROOT; };
		F7222AC11D45EC8D00EAB27A /* CoreGraphics.framework */ = {isa = PBXFileReference; lastKnownFileType = wrapper.framework; name = CoreGraphics.framework; path = System/Library/Frameworks/CoreGraphics.framework; sourceTree = SDKROOT; };
		F7222AC31D45EC9F00EAB27A /* QuartzCore.framework */ = {isa = PBXFileReference; lastKnownFileType = wrapper.framework; name = QuartzCore.framework; path = System/Library/Frameworks/QuartzCore.framework; sourceTree = SDKROOT; };
		F7222AC51D45ECC000EAB27A /* libz.tbd */ = {isa = PBXFileReference; lastKnownFileType = "sourcecode.text-based-dylib-definition"; name = libz.tbd; path = usr/lib/libz.tbd; sourceTree = SDKROOT; };
		F7222AC71D45ECC900EAB27A /* libsqlite3.tbd */ = {isa = PBXFileReference; lastKnownFileType = "sourcecode.text-based-dylib-definition"; name = libsqlite3.tbd; path = usr/lib/libsqlite3.tbd; sourceTree = SDKROOT; };
		F7222AC91D45ECD600EAB27A /* libresolv.tbd */ = {isa = PBXFileReference; lastKnownFileType = "sourcecode.text-based-dylib-definition"; name = libresolv.tbd; path = usr/lib/libresolv.tbd; sourceTree = SDKROOT; };
		F7222ACD1D45F25A00EAB27A /* mpush_bridging_header.h */ = {isa = PBXFileReference; lastKnownFileType = sourcecode.c.h; path = mpush_bridging_header.h; sourceTree = "<group>"; };
		F7222AE51D460A5100EAB27A /* AlicloudUtils.framework */ = {isa = PBXFileReference; lastKnownFileType = wrapper.framework; name = AlicloudUtils.framework; path = libs/AlicloudUtils.framework; sourceTree = "<group>"; };
		F77547751D3E2227002767A9 /* mpush_swift_demo.app */ = {isa = PBXFileReference; explicitFileType = wrapper.application; includeInIndex = 0; path = mpush_swift_demo.app; sourceTree = BUILT_PRODUCTS_DIR; };
		F77547781D3E2227002767A9 /* AppDelegate.swift */ = {isa = PBXFileReference; lastKnownFileType = sourcecode.swift; path = AppDelegate.swift; sourceTree = "<group>"; };
		F77547811D3E2227002767A9 /* Assets.xcassets */ = {isa = PBXFileReference; lastKnownFileType = folder.assetcatalog; path = Assets.xcassets; sourceTree = "<group>"; };
		F77547841D3E2227002767A9 /* Base */ = {isa = PBXFileReference; lastKnownFileType = file.storyboard; name = Base; path = Base.lproj/LaunchScreen.storyboard; sourceTree = "<group>"; };
		F77547861D3E2227002767A9 /* Info.plist */ = {isa = PBXFileReference; lastKnownFileType = text.plist.xml; path = Info.plist; sourceTree = "<group>"; };
		F7F153F91D4734FA00E31730 /* MPushSDK.framework */ = {isa = PBXFileReference; lastKnownFileType = wrapper.framework; name = MPushSDK.framework; path = libs/MPushSDK.framework; sourceTree = "<group>"; };
		F7F153FB1D4741B100E31730 /* MsgToolBox.swift */ = {isa = PBXFileReference; fileEncoding = 4; lastKnownFileType = sourcecode.swift; path = MsgToolBox.swift; sourceTree = "<group>"; };
		F7F153FD1D47441500E31730 /* PushMessageDAO.swift */ = {isa = PBXFileReference; fileEncoding = 4; lastKnownFileType = sourcecode.swift; path = PushMessageDAO.swift; sourceTree = "<group>"; };
/* End PBXFileReference section */

/* Begin PBXFrameworksBuildPhase section */
		F77547721D3E2227002767A9 /* Frameworks */ = {
			isa = PBXFrameworksBuildPhase;
			buildActionMask = 2147483647;
			files = (
				F7F153FA1D4734FA00E31730 /* MPushSDK.framework in Frameworks */,
				F7222AE61D460A5100EAB27A /* AlicloudUtils.framework in Frameworks */,
				F7222ACA1D45ECD600EAB27A /* libresolv.tbd in Frameworks */,
				F7222AD81D45F6D300EAB27A /* ALBBSessionSDK.framework in Frameworks */,
				F7222ACE1D45F6D300EAB27A /* QuartzCore.framework in Frameworks */,
				F7222AC81D45ECC900EAB27A /* libsqlite3.tbd in Frameworks */,
				F7222AC61D45ECC000EAB27A /* libz.tbd in Frameworks */,
				F7222ADE1D45F6D300EAB27A /* UTDID.framework in Frameworks */,
				F7222AD41D45F6D300EAB27A /* CoreTelephony.framework in Frameworks */,
				F7222AC21D45EC8D00EAB27A /* CoreGraphics.framework in Frameworks */,
				F7222AD21D45F6D300EAB27A /* CoreLocation.framework in Frameworks */,
				F7222AD61D45F6D300EAB27A /* SystemConfiguration.framework in Frameworks */,
			);
			runOnlyForDeploymentPostprocessing = 0;
		};
/* End PBXFrameworksBuildPhase section */

/* Begin PBXGroup section */
		F7222ACB1D45ED5300EAB27A /* Frameworks */ = {
			isa = PBXGroup;
			children = (
				F7F153F91D4734FA00E31730 /* MPushSDK.framework */,
				F7222AE51D460A5100EAB27A /* AlicloudUtils.framework */,
				F7222AC91D45ECD600EAB27A /* libresolv.tbd */,
				F7222AC71D45ECC900EAB27A /* libsqlite3.tbd */,
				F7222AC51D45ECC000EAB27A /* libz.tbd */,
				F7222AC31D45EC9F00EAB27A /* QuartzCore.framework */,
				F7222AC11D45EC8D00EAB27A /* CoreGraphics.framework */,
				F7222ABF1D45EC8500EAB27A /* CoreLocation.framework */,
				F7222ABD1D45EC7E00EAB27A /* CoreTelephony.framework */,
				F7222ABB1D45EC6A00EAB27A /* SystemConfiguration.framework */,
				F7222AB31D45EC5700EAB27A /* ALBBSessionSDK.framework */,
				F7222AB61D45EC5700EAB27A /* UTDID.framework */,
			);
			name = Frameworks;
			sourceTree = "<group>";
		};
		F775476C1D3E2227002767A9 = {
			isa = PBXGroup;
			children = (
				F77547771D3E2227002767A9 /* mpush_swift_demo */,
				F77547761D3E2227002767A9 /* Products */,
				F7222ACB1D45ED5300EAB27A /* Frameworks */,
			);
			sourceTree = "<group>";
		};
		F77547761D3E2227002767A9 /* Products */ = {
			isa = PBXGroup;
			children = (
				F77547751D3E2227002767A9 /* mpush_swift_demo.app */,
			);
			name = Products;
			sourceTree = "<group>";
		};
		F77547771D3E2227002767A9 /* mpush_swift_demo */ = {
			isa = PBXGroup;
			children = (
				F7ADE9151D45B8CC001509E1 /* Main */,
				F7ADE9161D45B8D7001509E1 /* Entities */,
				F7ADE9171D45B8EF001509E1 /* Utils */,
				F7ADE9181D45B8F7001509E1 /* Message */,
				F7ADE9191D45B8FE001509E1 /* Settings */,
				F7ADE91A1D45B90E001509E1 /* Personal */,
				F7ADE91B1D45B919001509E1 /* DAO */,
				F77547811D3E2227002767A9 /* Assets.xcassets */,
				F77547831D3E2227002767A9 /* LaunchScreen.storyboard */,
				F77547861D3E2227002767A9 /* Info.plist */,
				F7222ACD1D45F25A00EAB27A /* mpush_bridging_header.h */,
			);
			path = mpush_swift_demo;
			sourceTree = "<group>";
		};
		F7ADE9151D45B8CC001509E1 /* Main */ = {
			isa = PBXGroup;
			children = (
				F7222AAC1D45BA7A00EAB27A /* Main.storyboard */,
				F77547781D3E2227002767A9 /* AppDelegate.swift */,
			);
			name = Main;
			sourceTree = "<group>";
		};
		F7ADE9161D45B8D7001509E1 /* Entities */ = {
			isa = PBXGroup;
			children = (
				F7222AAF1D45D95E00EAB27A /* LZLPersonalData.swift */,
				F7222AB11D45D99800EAB27A /* LZLPushMessage.swift */,
			);
			name = Entities;
			sourceTree = "<group>";
		};
		F7ADE9171D45B8EF001509E1 /* Utils */ = {
			isa = PBXGroup;
			children = (
				F7F153FB1D4741B100E31730 /* MsgToolBox.swift */,
			);
			name = Utils;
			sourceTree = "<group>";
		};
		F7ADE9181D45B8F7001509E1 /* Message */ = {
			isa = PBXGroup;
			children = (
				F7222AA51D45B9AD00EAB27A /* LZLMessagesViewController.swift */,
			);
			name = Message;
			sourceTree = "<group>";
		};
		F7ADE9191D45B8FE001509E1 /* Settings */ = {
			isa = PBXGroup;
			children = (
				F7222AAA1D45BA2D00EAB27A /* LZLSettingsViewController.swift */,
			);
			name = Settings;
			sourceTree = "<group>";
		};
		F7ADE91A1D45B90E001509E1 /* Personal */ = {
			isa = PBXGroup;
			children = (
				F7222AA71D45BA0C00EAB27A /* LZLPersonalViewController.swift */,
			);
			name = Personal;
			sourceTree = "<group>";
		};
		F7ADE91B1D45B919001509E1 /* DAO */ = {
			isa = PBXGroup;
			children = (
				F7F153FD1D47441500E31730 /* PushMessageDAO.swift */,
			);
			name = DAO;
			sourceTree = "<group>";
		};
/* End PBXGroup section */

/* Begin PBXNativeTarget section */
		F77547741D3E2227002767A9 /* mpush_swift_demo */ = {
			isa = PBXNativeTarget;
			buildConfigurationList = F77547891D3E2227002767A9 /* Build configuration list for PBXNativeTarget "mpush_swift_demo" */;
			buildPhases = (
				F77547711D3E2227002767A9 /* Sources */,
				F77547721D3E2227002767A9 /* Frameworks */,
				F77547731D3E2227002767A9 /* Resources */,
			);
			buildRules = (
			);
			dependencies = (
			);
			name = mpush_swift_demo;
			productName = mpush_swift_demo;
			productReference = F77547751D3E2227002767A9 /* mpush_swift_demo.app */;
			productType = "com.apple.product-type.application";
		};
/* End PBXNativeTarget section */

/* Begin PBXProject section */
		F775476D1D3E2227002767A9 /* Project object */ = {
			isa = PBXProject;
			attributes = {
				LastSwiftUpdateCheck = 0730;
				LastUpgradeCheck = 0730;
				ORGANIZATIONNAME = alibaba.qa;
				TargetAttributes = {
					F77547741D3E2227002767A9 = {
						CreatedOnToolsVersion = 7.3.1;
					};
				};
			};
			buildConfigurationList = F77547701D3E2227002767A9 /* Build configuration list for PBXProject "mpush_swift_demo" */;
			compatibilityVersion = "Xcode 3.2";
			developmentRegion = English;
			hasScannedForEncodings = 0;
			knownRegions = (
				en,
				Base,
			);
			mainGroup = F775476C1D3E2227002767A9;
			productRefGroup = F77547761D3E2227002767A9 /* Products */;
			projectDirPath = "";
			projectRoot = "";
			targets = (
				F77547741D3E2227002767A9 /* mpush_swift_demo */,
			);
		};
/* End PBXProject section */

/* Begin PBXResourcesBuildPhase section */
		F77547731D3E2227002767A9 /* Resources */ = {
			isa = PBXResourcesBuildPhase;
			buildActionMask = 2147483647;
			files = (
				F7222AAE1D45BA7A00EAB27A /* Main.storyboard in Resources */,
				F77547851D3E2227002767A9 /* LaunchScreen.storyboard in Resources */,
				F77547821D3E2227002767A9 /* Assets.xcassets in Resources */,
			);
			runOnlyForDeploymentPostprocessing = 0;
		};
/* End PBXResourcesBuildPhase section */

/* Begin PBXSourcesBuildPhase section */
		F77547711D3E2227002767A9 /* Sources */ = {
			isa = PBXSourcesBuildPhase;
			buildActionMask = 2147483647;
			files = (
				F7F153FE1D47441500E31730 /* PushMessageDAO.swift in Sources */,
				F77547791D3E2227002767A9 /* AppDelegate.swift in Sources */,
				F7222AB01D45D95E00EAB27A /* LZLPersonalData.swift in Sources */,
				F7222AA61D45B9AD00EAB27A /* LZLMessagesViewController.swift in Sources */,
				F7F153FC1D4741B100E31730 /* MsgToolBox.swift in Sources */,
				F7222AAB1D45BA2D00EAB27A /* LZLSettingsViewController.swift in Sources */,
				F7222AB21D45D99800EAB27A /* LZLPushMessage.swift in Sources */,
				F7222AA81D45BA0C00EAB27A /* LZLPersonalViewController.swift in Sources */,
			);
			runOnlyForDeploymentPostprocessing = 0;
		};
/* End PBXSourcesBuildPhase section */

/* Begin PBXVariantGroup section */
		F7222AAC1D45BA7A00EAB27A /* Main.storyboard */ = {
			isa = PBXVariantGroup;
			children = (
				F7222AAD1D45BA7A00EAB27A /* Base */,
			);
			name = Main.storyboard;
			sourceTree = "<group>";
		};
		F77547831D3E2227002767A9 /* LaunchScreen.storyboard */ = {
			isa = PBXVariantGroup;
			children = (
				F77547841D3E2227002767A9 /* Base */,
			);
			name = LaunchScreen.storyboard;
			sourceTree = "<group>";
		};
/* End PBXVariantGroup section */

/* Begin XCBuildConfiguration section */
		F77547871D3E2227002767A9 /* Debug */ = {
			isa = XCBuildConfiguration;
			buildSettings = {
				ALWAYS_SEARCH_USER_PATHS = NO;
				CLANG_ANALYZER_NONNULL = YES;
				CLANG_CXX_LANGUAGE_STANDARD = "gnu++0x";
				CLANG_CXX_LIBRARY = "libc++";
				CLANG_ENABLE_MODULES = YES;
				CLANG_ENABLE_OBJC_ARC = YES;
				CLANG_WARN_BOOL_CONVERSION = YES;
				CLANG_WARN_CONSTANT_CONVERSION = YES;
				CLANG_WARN_DIRECT_OBJC_ISA_USAGE = YES_ERROR;
				CLANG_WARN_EMPTY_BODY = YES;
				CLANG_WARN_ENUM_CONVERSION = YES;
				CLANG_WARN_INT_CONVERSION = YES;
				CLANG_WARN_OBJC_ROOT_CLASS = YES_ERROR;
				CLANG_WARN_UNREACHABLE_CODE = YES;
				CLANG_WARN__DUPLICATE_METHOD_MATCH = YES;
				"CODE_SIGN_IDENTITY[sdk=iphoneos*]" = "iPhone Developer";
				COPY_PHASE_STRIP = NO;
				DEBUG_INFORMATION_FORMAT = dwarf;
				DEFINES_MODULE = YES;
				ENABLE_STRICT_OBJC_MSGSEND = YES;
				ENABLE_TESTABILITY = YES;
				GCC_C_LANGUAGE_STANDARD = gnu99;
				GCC_DYNAMIC_NO_PIC = NO;
				GCC_NO_COMMON_BLOCKS = YES;
				GCC_OPTIMIZATION_LEVEL = 0;
				GCC_PREPROCESSOR_DEFINITIONS = (
					"DEBUG=1",
					"$(inherited)",
				);
				GCC_WARN_64_TO_32_BIT_CONVERSION = YES;
				GCC_WARN_ABOUT_RETURN_TYPE = YES_ERROR;
				GCC_WARN_UNDECLARED_SELECTOR = YES;
				GCC_WARN_UNINITIALIZED_AUTOS = YES_AGGRESSIVE;
				GCC_WARN_UNUSED_FUNCTION = YES;
				GCC_WARN_UNUSED_VARIABLE = YES;
				IPHONEOS_DEPLOYMENT_TARGET = 9.3;
				MTL_ENABLE_DEBUG_INFO = YES;
				ONLY_ACTIVE_ARCH = YES;
				SDKROOT = iphoneos;
				SWIFT_OBJC_BRIDGING_HEADER = mpush_swift_demo/mpush_bridging_header.h;
				SWIFT_OPTIMIZATION_LEVEL = "-Onone";
			};
			name = Debug;
		};
		F77547881D3E2227002767A9 /* Release */ = {
			isa = XCBuildConfiguration;
			buildSettings = {
				ALWAYS_SEARCH_USER_PATHS = NO;
				CLANG_ANALYZER_NONNULL = YES;
				CLANG_CXX_LANGUAGE_STANDARD = "gnu++0x";
				CLANG_CXX_LIBRARY = "libc++";
				CLANG_ENABLE_MODULES = YES;
				CLANG_ENABLE_OBJC_ARC = YES;
				CLANG_WARN_BOOL_CONVERSION = YES;
				CLANG_WARN_CONSTANT_CONVERSION = YES;
				CLANG_WARN_DIRECT_OBJC_ISA_USAGE = YES_ERROR;
				CLANG_WARN_EMPTY_BODY = YES;
				CLANG_WARN_ENUM_CONVERSION = YES;
				CLANG_WARN_INT_CONVERSION = YES;
				CLANG_WARN_OBJC_ROOT_CLASS = YES_ERROR;
				CLANG_WARN_UNREACHABLE_CODE = YES;
				CLANG_WARN__DUPLICATE_METHOD_MATCH = YES;
				"CODE_SIGN_IDENTITY[sdk=iphoneos*]" = "iPhone Developer";
				COPY_PHASE_STRIP = NO;
				DEBUG_INFORMATION_FORMAT = "dwarf-with-dsym";
				DEFINES_MODULE = YES;
				ENABLE_NS_ASSERTIONS = NO;
				ENABLE_STRICT_OBJC_MSGSEND = YES;
				GCC_C_LANGUAGE_STANDARD = gnu99;
				GCC_NO_COMMON_BLOCKS = YES;
				GCC_WARN_64_TO_32_BIT_CONVERSION = YES;
				GCC_WARN_ABOUT_RETURN_TYPE = YES_ERROR;
				GCC_WARN_UNDECLARED_SELECTOR = YES;
				GCC_WARN_UNINITIALIZED_AUTOS = YES_AGGRESSIVE;
				GCC_WARN_UNUSED_FUNCTION = YES;
				GCC_WARN_UNUSED_VARIABLE = YES;
				IPHONEOS_DEPLOYMENT_TARGET = 9.3;
				MTL_ENABLE_DEBUG_INFO = NO;
				SDKROOT = iphoneos;
				SWIFT_OBJC_BRIDGING_HEADER = mpush_swift_demo/mpush_bridging_header.h;
				VALIDATE_PRODUCT = YES;
			};
			name = Release;
		};
		F775478A1D3E2227002767A9 /* Debug */ = {
			isa = XCBuildConfiguration;
			buildSettings = {
				ASSETCATALOG_COMPILER_APPICON_NAME = AppIcon;
				DEFINES_MODULE = YES;
				FRAMEWORK_SEARCH_PATHS = (
					"$(inherited)",
					"$(PROJECT_DIR)/libs",
				);
				INFOPLIST_FILE = mpush_swift_demo/Info.plist;
				IPHONEOS_DEPLOYMENT_TARGET = 7.1;
				LD_RUNPATH_SEARCH_PATHS = "$(inherited) @executable_path/Frameworks";
				PRODUCT_BUNDLE_IDENTIFIER = com.alibaba.qa.UserExperienceDemo2;
				PRODUCT_NAME = "$(TARGET_NAME)";
			};
			name = Debug;
		};
		F775478B1D3E2227002767A9 /* Release */ = {
			isa = XCBuildConfiguration;
			buildSettings = {
				ASSETCATALOG_COMPILER_APPICON_NAME = AppIcon;
				DEFINES_MODULE = YES;
				FRAMEWORK_SEARCH_PATHS = (
					"$(inherited)",
					"$(PROJECT_DIR)/libs",
				);
				INFOPLIST_FILE = mpush_swift_demo/Info.plist;
				IPHONEOS_DEPLOYMENT_TARGET = 7.1;
				LD_RUNPATH_SEARCH_PATHS = "$(inherited) @executable_path/Frameworks";
				PRODUCT_BUNDLE_IDENTIFIER = com.alibaba.qa.UserExperienceDemo2;
				PRODUCT_NAME = "$(TARGET_NAME)";
			};
			name = Release;
		};
/* End XCBuildConfiguration section */

/* Begin XCConfigurationList section */
		F77547701D3E2227002767A9 /* Build configuration list for PBXProject "mpush_swift_demo" */ = {
			isa = XCConfigurationList;
			buildConfigurations = (
				F77547871D3E2227002767A9 /* Debug */,
				F77547881D3E2227002767A9 /* Release */,
			);
			defaultConfigurationIsVisible = 0;
			defaultConfigurationName = Release;
		};
		F77547891D3E2227002767A9 /* Build configuration list for PBXNativeTarget "mpush_swift_demo" */ = {
			isa = XCConfigurationList;
			buildConfigurations = (
				F775478A1D3E2227002767A9 /* Debug */,
				F775478B1D3E2227002767A9 /* Release */,
			);
			defaultConfigurationIsVisible = 0;
			defaultConfigurationName = Release;
		};
/* End XCConfigurationList section */
	};
	rootObject = F775476D1D3E2227002767A9 /* Project object */;
}
