PODS:
  - AlicloudPush (1.9.4):
    - AlicloudUtils
  - AlicloudUT (5.2.0.1):
    - AlicloudUTDID
  - AlicloudUTDID (1.1.0.16)
  - AlicloudUtils (1.2.2):
    - AlicloudUT
    - AlicloudUTDID

DEPENDENCIES:
  - AlicloudPush (~> 1.9.4)

SPEC CHECKSUMS:
  AlicloudPush: f67fa821635cd886041517647f6a8fd49f14fb06
  AlicloudUT: 9f20dcfd2753de09261b6c279245da1650a34932
  AlicloudUTDID: f5a7bc1420c5f83e3bd40296e5ab2e5a804a12f8
  AlicloudUtils: 2437ae7fd2b39343539e8f48aa1f7bf6f5a6cff1

PODFILE CHECKSUM: c0a3f3310f1acf3b342d33effa4b14eed6dd54b6

COCOAPODS: 1.2.0
