PODS:
  - AlicloudPush (2.0.4):
    - AlicloudSender
    - AlicloudUT
    - AlicloudUtils
  - AlicloudSender (1.0.0.3):
    - AlicloudUTDID
    - EMASRest
  - AlicloudUT (5.2.0.16):
    - AlicloudUTDID
  - AlicloudUTDID (1.5.0.94)
  - AlicloudUtils (1.4.1):
    - AlicloudUTDID
  - EMASRest (11.1.1.2)

DEPENDENCIES:
  - AlicloudPush (~> 2.0.0)

SPEC REPOS:
  https://github.com/aliyun/aliyun-specs.git:
    - AlicloudPush
    - AlicloudSender
    - AlicloudUT
    - AlicloudUTDID
    - AlicloudUtils
    - EMASRest

SPEC CHECKSUMS:
  AlicloudPush: a805231558d9f14b816bdf999c4c6841823c9485
  AlicloudSender: 1f468b6bd962a099ffc19d45e3608b0fe98f259d
  AlicloudUT: 6d1cf30d57d096b7e9bb4b069dd0ba6ad59a3338
  AlicloudUTDID: 7323c443dcdf9a73e2224dc6ce51703671d7a765
  AlicloudUtils: 873a76615bebcee8b1996f20820d366e433c3eab
  EMASRest: 8df6f87836767a9415ad5cc4af739bc9d215b475

PODFILE CHECKSUM: 727cc6bcdef11fb90fd9ca3f1d42431fc72c163c

COCOAPODS: 1.11.3
